// !$*UTF8*$!
{
	archiveVersion = 1;
	classes = {
	};
	objectVersion = 50;
	objects = {

/* Begin PBXBuildFile section */
		9662AD4F22B91FF000800AC1 /* AppDelegate.swift in Sources */ = {isa = PBXBuildFile; fileRef = 9662AD4E22B91FF000800AC1 /* AppDelegate.swift */; };
		9662AD5122B91FF000800AC1 /* ViewController.swift in Sources */ = {isa = PBXBuildFile; fileRef = 9662AD5022B91FF000800AC1 /* ViewController.swift */; };
		9662AD5422B91FF000800AC1 /* Main.storyboard in Resources */ = {isa = PBXBuildFile; fileRef = 9662AD5222B91FF000800AC1 /* Main.storyboard */; };
		9662AD5622B91FF100800AC1 /* Assets.xcassets in Resources */ = {isa = PBXBuildFile; fileRef = 9662AD5522B91FF100800AC1 /* Assets.xcassets */; };
		9662AD5922B91FF100800AC1 /* LaunchScreen.storyboard in Resources */ = {isa = PBXBuildFile; fileRef = 9662AD5722B91FF100800AC1 /* LaunchScreen.storyboard */; };
		9662AD6422B91FF100800AC1 /* WeTrotTests.swift in Sources */ = {isa = PBXBuildFile; fileRef = 9662AD6322B91FF100800AC1 /* WeTrotTests.swift */; };
		9662AD6F22B91FF100800AC1 /* WeTrotUITests.swift in Sources */ = {isa = PBXBuildFile; fileRef = 9662AD6E22B91FF100800AC1 /* WeTrotUITests.swift */; };
/* End PBXBuildFile section */

/* Begin PBXContainerItemProxy section */
		9662AD6022B91FF100800AC1 /* PBXContainerItemProxy */ = {
			isa = PBXContainerItemProxy;
			containerPortal = 9662AD4322B91FEF00800AC1 /* Project object */;
			proxyType = 1;
			remoteGlobalIDString = 9662AD4A22B91FF000800AC1;
			remoteInfo = WeTrot;
		};
		9662AD6B22B91FF100800AC1 /* PBXContainerItemProxy */ = {
			isa = PBXContainerItemProxy;
			containerPortal = 9662AD4322B91FEF00800AC1 /* Project object */;
			proxyType = 1;
			remoteGlobalIDString = 9662AD4A22B91FF000800AC1;
			remoteInfo = WeTrot;
		};
/* End PBXContainerItemProxy section */

/* Begin PBXFileReference section */
		9662AD4B22B91FF000800AC1 /* WeTrot.app */ = {isa = PBXFileReference; explicitFileType = wrapper.application; includeInIndex = 0; path = WeTrot.app; sourceTree = BUILT_PRODUCTS_DIR; };
		9662AD4E22B91FF000800AC1 /* AppDelegate.swift */ = {isa = PBXFileReference; lastKnownFileType = sourcecode.swift; path = AppDelegate.swift; sourceTree = "<group>"; };
		9662AD5022B91FF000800AC1 /* ViewController.swift */ = {isa = PBXFileReference; lastKnownFileType = sourcecode.swift; path = ViewController.swift; sourceTree = "<group>"; };
		9662AD5322B91FF000800AC1 /* Base */ = {isa = PBXFileReference; lastKnownFileType = file.storyboard; name = Base; path = Base.lproj/Main.storyboard; sourceTree = "<group>"; };
		9662AD5522B91FF100800AC1 /* Assets.xcassets */ = {isa = PBXFileReference; lastKnownFileType = folder.assetcatalog; path = Assets.xcassets; sourceTree = "<group>"; };
		9662AD5822B91FF100800AC1 /* Base */ = {isa = PBXFileReference; lastKnownFileType = file.storyboard; name = Base; path = Base.lproj/LaunchScreen.storyboard; sourceTree = "<group>"; };
		9662AD5A22B91FF100800AC1 /* Info.plist */ = {isa = PBXFileReference; lastKnownFileType = text.plist.xml; path = Info.plist; sourceTree = "<group>"; };
		9662AD5F22B91FF100800AC1 /* WeTrotTests.xctest */ = {isa = PBXFileReference; explicitFileType = wrapper.cfbundle; includeInIndex = 0; path = WeTrotTests.xctest; sourceTree = BUILT_PRODUCTS_DIR; };
		9662AD6322B91FF100800AC1 /* WeTrotTests.swift */ = {isa = PBXFileReference; lastKnownFileType = sourcecode.swift; path = WeTrotTests.swift; sourceTree = "<group>"; };
		9662AD6522B91FF100800AC1 /* Info.plist */ = {isa = PBXFileReference; lastKnownFileType = text.plist.xml; path = Info.plist; sourceTree = "<group>"; };
		9662AD6A22B91FF100800AC1 /* WeTrotUITests.xctest */ = {isa = PBXFileReference; explicitFileType = wrapper.cfbundle; includeInIndex = 0; path = WeTrotUITests.xctest; sourceTree = BUILT_PRODUCTS_DIR; };
		9662AD6E22B91FF100800AC1 /* WeTrotUITests.swift */ = {isa = PBXFileReference; lastKnownFileType = sourcecode.swift; path = WeTrotUITests.swift; sourceTree = "<group>"; };
		9662AD7022B91FF100800AC1 /* Info.plist */ = {isa = PBXFileReference; lastKnownFileType = text.plist.xml; path = Info.plist; sourceTree = "<group>"; };
/* End PBXFileReference section */

/* Begin PBXFrameworksBuildPhase section */
		9662AD4822B91FF000800AC1 /* Frameworks */ = {
			isa = PBXFrameworksBuildPhase;
			buildActionMask = 2147483647;
			files = (
			);
			runOnlyForDeploymentPostprocessing = 0;
		};
		9662AD5C22B91FF100800AC1 /* Frameworks */ = {
			isa = PBXFrameworksBuildPhase;
			buildActionMask = 2147483647;
			files = (
			);
			runOnlyForDeploymentPostprocessing = 0;
		};
		9662AD6722B91FF100800AC1 /* Frameworks */ = {
			isa = PBXFrameworksBuildPhase;
			buildActionMask = 2147483647;
			files = (
			);
			runOnlyForDeploymentPostprocessing = 0;
		};
/* End PBXFrameworksBuildPhase section */

/* Begin PBXGroup section */
		9662AD4222B91FEF00800AC1 = {
			isa = PBXGroup;
			children = (
				9662AD4D22B91FF000800AC1 /* WeTrot */,
				9662AD6222B91FF100800AC1 /* WeTrotTests */,
				9662AD6D22B91FF100800AC1 /* WeTrotUITests */,
				9662AD4C22B91FF000800AC1 /* Products */,
			);
			sourceTree = "<group>";
		};
		9662AD4C22B91FF000800AC1 /* Products */ = {
			isa = PBXGroup;
			children = (
				9662AD4B22B91FF000800AC1 /* WeTrot.app */,
				9662AD5F22B91FF100800AC1 /* WeTrotTests.xctest */,
				9662AD6A22B91FF100800AC1 /* WeTrotUITests.xctest */,
			);
			name = Products;
			sourceTree = "<group>";
		};
		9662AD4D22B91FF000800AC1 /* WeTrot */ = {
			isa = PBXGroup;
			children = (
				9662AD4E22B91FF000800AC1 /* AppDelegate.swift */,
				9662AD5022B91FF000800AC1 /* ViewController.swift */,
				9662AD5222B91FF000800AC1 /* Main.storyboard */,
				9662AD5522B91FF100800AC1 /* Assets.xcassets */,
				9662AD5722B91FF100800AC1 /* LaunchScreen.storyboard */,
				9662AD5A22B91FF100800AC1 /* Info.plist */,
			);
			path = WeTrot;
			sourceTree = "<group>";
		};
		9662AD6222B91FF100800AC1 /* WeTrotTests */ = {
			isa = PBXGroup;
			children = (
				9662AD6322B91FF100800AC1 /* WeTrotTests.swift */,
				9662AD6522B91FF100800AC1 /* Info.plist */,
			);
			path = WeTrotTests;
			sourceTree = "<group>";
		};
		9662AD6D22B91FF100800AC1 /* WeTrotUITests */ = {
			isa = PBXGroup;
			children = (
				9662AD6E22B91FF100800AC1 /* WeTrotUITests.swift */,
				9662AD7022B91FF100800AC1 /* Info.plist */,
			);
			path = WeTrotUITests;
			sourceTree = "<group>";
		};
/* End PBXGroup section */

/* Begin PBXNativeTarget section */
		9662AD4A22B91FF000800AC1 /* WeTrot */ = {
			isa = PBXNativeTarget;
			buildConfigurationList = 9662AD7322B91FF100800AC1 /* Build configuration list for PBXNativeTarget "WeTrot" */;
			buildPhases = (
				9662AD4722B91FF000800AC1 /* Sources */,
				9662AD4822B91FF000800AC1 /* Frameworks */,
				9662AD4922B91FF000800AC1 /* Resources */,
			);
			buildRules = (
			);
			dependencies = (
			);
			name = WeTrot;
			productName = WeTrot;
			productReference = 9662AD4B22B91FF000800AC1 /* WeTrot.app */;
			productType = "com.apple.product-type.application";
		};
		9662AD5E22B91FF100800AC1 /* WeTrotTests */ = {
			isa = PBXNativeTarget;
			buildConfigurationList = 9662AD7622B91FF100800AC1 /* Build configuration list for PBXNativeTarget "WeTrotTests" */;
			buildPhases = (
				9662AD5B22B91FF100800AC1 /* Sources */,
				9662AD5C22B91FF100800AC1 /* Frameworks */,
				9662AD5D22B91FF100800AC1 /* Resources */,
			);
			buildRules = (
			);
			dependencies = (
				9662AD6122B91FF100800AC1 /* PBXTargetDependency */,
			);
			name = WeTrotTests;
			productName = WeTrotTests;
			productReference = 9662AD5F22B91FF100800AC1 /* WeTrotTests.xctest */;
			productType = "com.apple.product-type.bundle.unit-test";
		};
		9662AD6922B91FF100800AC1 /* WeTrotUITests */ = {
			isa = PBXNativeTarget;
			buildConfigurationList = 9662AD7922B91FF100800AC1 /* Build configuration list for PBXNativeTarget "WeTrotUITests" */;
			buildPhases = (
				9662AD6622B91FF100800AC1 /* Sources */,
				9662AD6722B91FF100800AC1 /* Frameworks */,
				9662AD6822B91FF100800AC1 /* Resources */,
			);
			buildRules = (
			);
			dependencies = (
				9662AD6C22B91FF100800AC1 /* PBXTargetDependency */,
			);
			name = WeTrotUITests;
			productName = WeTrotUITests;
			productReference = 9662AD6A22B91FF100800AC1 /* WeTrotUITests.xctest */;
			productType = "com.apple.product-type.bundle.ui-testing";
		};
/* End PBXNativeTarget section */

/* Begin PBXProject section */
		9662AD4322B91FEF00800AC1 /* Project object */ = {
			isa = PBXProject;
			attributes = {
				LastSwiftUpdateCheck = 1020;
				LastUpgradeCheck = 1020;
				ORGANIZATIONNAME = WeSquad;
				TargetAttributes = {
					9662AD4A22B91FF000800AC1 = {
						CreatedOnToolsVersion = 10.2.1;
					};
					9662AD5E22B91FF100800AC1 = {
						CreatedOnToolsVersion = 10.2.1;
						TestTargetID = 9662AD4A22B91FF000800AC1;
					};
					9662AD6922B91FF100800AC1 = {
						CreatedOnToolsVersion = 10.2.1;
						TestTargetID = 9662AD4A22B91FF000800AC1;
					};
				};
			};
			buildConfigurationList = 9662AD4622B91FEF00800AC1 /* Build configuration list for PBXProject "WeTrot" */;
			compatibilityVersion = "Xcode 9.3";
			developmentRegion = en;
			hasScannedForEncodings = 0;
			knownRegions = (
				en,
				Base,
			);
			mainGroup = 9662AD4222B91FEF00800AC1;
			productRefGroup = 9662AD4C22B91FF000800AC1 /* Products */;
			projectDirPath = "";
			projectRoot = "";
			targets = (
				9662AD4A22B91FF000800AC1 /* WeTrot */,
				9662AD5E22B91FF100800AC1 /* WeTrotTests */,
				9662AD6922B91FF100800AC1 /* WeTrotUITests */,
			);
		};
/* End PBXProject section */

/* Begin PBXResourcesBuildPhase section */
		9662AD4922B91FF000800AC1 /* Resources */ = {
			isa = PBXResourcesBuildPhase;
			buildActionMask = 2147483647;
			files = (
				9662AD5922B91FF100800AC1 /* LaunchScreen.storyboard in Resources */,
				9662AD5622B91FF100800AC1 /* Assets.xcassets in Resources */,
				9662AD5422B91FF000800AC1 /* Main.storyboard in Resources */,
			);
			runOnlyForDeploymentPostprocessing = 0;
		};
		9662AD5D22B91FF100800AC1 /* Resources */ = {
			isa = PBXResourcesBuildPhase;
			buildActionMask = 2147483647;
			files = (
			);
			runOnlyForDeploymentPostprocessing = 0;
		};
		9662AD6822B91FF100800AC1 /* Resources */ = {
			isa = PBXResourcesBuildPhase;
			buildActionMask = 2147483647;
			files = (
			);
			runOnlyForDeploymentPostprocessing = 0;
		};
/* End PBXResourcesBuildPhase section */

/* Begin PBXSourcesBuildPhase section */
		9662AD4722B91FF000800AC1 /* Sources */ = {
			isa = PBXSourcesBuildPhase;
			buildActionMask = 2147483647;
			files = (
				9662AD5122B91FF000800AC1 /* ViewController.swift in Sources */,
				9662AD4F22B91FF000800AC1 /* AppDelegate.swift in Sources */,
			);
			runOnlyForDeploymentPostprocessing = 0;
		};
		9662AD5B22B91FF100800AC1 /* Sources */ = {
			isa = PBXSourcesBuildPhase;
			buildActionMask = 2147483647;
			files = (
				9662AD6422B91FF100800AC1 /* WeTrotTests.swift in Sources */,
			);
			runOnlyForDeploymentPostprocessing = 0;
		};
		9662AD6622B91FF100800AC1 /* Sources */ = {
			isa = PBXSourcesBuildPhase;
			buildActionMask = 2147483647;
			files = (
				9662AD6F22B91FF100800AC1 /* WeTrotUITests.swift in Sources */,
			);
			runOnlyForDeploymentPostprocessing = 0;
		};
/* End PBXSourcesBuildPhase section */

/* Begin PBXTargetDependency section */
		9662AD6122B91FF100800AC1 /* PBXTargetDependency */ = {
			isa = PBXTargetDependency;
			target = 9662AD4A22B91FF000800AC1 /* WeTrot */;
			targetProxy = 9662AD6022B91FF100800AC1 /* PBXContainerItemProxy */;
		};
		9662AD6C22B91FF100800AC1 /* PBXTargetDependency */ = {
			isa = PBXTargetDependency;
			target = 9662AD4A22B91FF000800AC1 /* WeTrot */;
			targetProxy = 9662AD6B22B91FF100800AC1 /* PBXContainerItemProxy */;
		};
/* End PBXTargetDependency section */

/* Begin PBXVariantGroup section */
		9662AD5222B91FF000800AC1 /* Main.storyboard */ = {
			isa = PBXVariantGroup;
			children = (
				9662AD5322B91FF000800AC1 /* Base */,
			);
			name = Main.storyboard;
			sourceTree = "<group>";
		};
		9662AD5722B91FF100800AC1 /* LaunchScreen.storyboard */ = {
			isa = PBXVariantGroup;
			children = (
				9662AD5822B91FF100800AC1 /* Base */,
			);
			name = LaunchScreen.storyboard;
			sourceTree = "<group>";
		};
/* End PBXVariantGroup section */

/* Begin XCBuildConfiguration section */
		9662AD7122B91FF100800AC1 /* Debug */ = {
			isa = XCBuildConfiguration;
			buildSettings = {
				ALWAYS_SEARCH_USER_PATHS = NO;
				CLANG_ANALYZER_NONNULL = YES;
				CLANG_ANALYZER_NUMBER_OBJECT_CONVERSION = YES_AGGRESSIVE;
				CLANG_CXX_LANGUAGE_STANDARD = "gnu++14";
				CLANG_CXX_LIBRARY = "libc++";
				CLANG_ENABLE_MODULES = YES;
				CLANG_ENABLE_OBJC_ARC = YES;
				CLANG_ENABLE_OBJC_WEAK = YES;
				CLANG_WARN_BLOCK_CAPTURE_AUTORELEASING = YES;
				CLANG_WARN_BOOL_CONVERSION = YES;
				CLANG_WARN_COMMA = YES;
				CLANG_WARN_CONSTANT_CONVERSION = YES;
				CLANG_WARN_DEPRECATED_OBJC_IMPLEMENTATIONS = YES;
				CLANG_WARN_DIRECT_OBJC_ISA_USAGE = YES_ERROR;
				CLANG_WARN_DOCUMENTATION_COMMENTS = YES;
				CLANG_WARN_EMPTY_BODY = YES;
				CLANG_WARN_ENUM_CONVERSION = YES;
				CLANG_WARN_INFINITE_RECURSION = YES;
				CLANG_WARN_INT_CONVERSION = YES;
				CLANG_WARN_NON_LITERAL_NULL_CONVERSION = YES;
				CLANG_WARN_OBJC_IMPLICIT_RETAIN_SELF = YES;
				CLANG_WARN_OBJC_LITERAL_CONVERSION = YES;
				CLANG_WARN_OBJC_ROOT_CLASS = YES_ERROR;
				CLANG_WARN_RANGE_LOOP_ANALYSIS = YES;
				CLANG_WARN_STRICT_PROTOTYPES = YES;
				CLANG_WARN_SUSPICIOUS_MOVE = YES;
				CLANG_WARN_UNGUARDED_AVAILABILITY = YES_AGGRESSIVE;
				CLANG_WARN_UNREACHABLE_CODE = YES;
				CLANG_WARN__DUPLICATE_METHOD_MATCH = YES;
				CODE_SIGN_IDENTITY = "iPhone Developer";
				COPY_PHASE_STRIP = NO;
				DEBUG_INFORMATION_FORMAT = dwarf;
				ENABLE_STRICT_OBJC_MSGSEND = YES;
				ENABLE_TESTABILITY = YES;
				GCC_C_LANGUAGE_STANDARD = gnu11;
				GCC_DYNAMIC_NO_PIC = NO;
				GCC_NO_COMMON_BLOCKS = YES;
				GCC_OPTIMIZATION_LEVEL = 0;
				GCC_PREPROCESSOR_DEFINITIONS = (
					"DEBUG=1",
					"$(inherited)",
				);
				GCC_WARN_64_TO_32_BIT_CONVERSION = YES;
				GCC_WARN_ABOUT_RETURN_TYPE = YES_ERROR;
				GCC_WARN_UNDECLARED_SELECTOR = YES;
				GCC_WARN_UNINITIALIZED_AUTOS = YES_AGGRESSIVE;
				GCC_WARN_UNUSED_FUNCTION = YES;
				GCC_WARN_UNUSED_VARIABLE = YES;
				IPHONEOS_DEPLOYMENT_TARGET = 12.2;
				MTL_ENABLE_DEBUG_INFO = INCLUDE_SOURCE;
				MTL_FAST_MATH = YES;
				ONLY_ACTIVE_ARCH = YES;
				SDKROOT = iphoneos;
				SWIFT_ACTIVE_COMPILATION_CONDITIONS = DEBUG;
				SWIFT_OPTIMIZATION_LEVEL = "-Onone";
			};
			name = Debug;
		};
		9662AD7222B91FF100800AC1 /* Release */ = {
			isa = XCBuildConfiguration;
			buildSettings = {
				ALWAYS_SEARCH_USER_PATHS = NO;
				CLANG_ANALYZER_NONNULL = YES;
				CLANG_ANALYZER_NUMBER_OBJECT_CONVERSION = YES_AGGRESSIVE;
				CLANG_CXX_LANGUAGE_STANDARD = "gnu++14";
				CLANG_CXX_LIBRARY = "libc++";
				CLANG_ENABLE_MODULES = YES;
				CLANG_ENABLE_OBJC_ARC = YES;
				CLANG_ENABLE_OBJC_WEAK = YES;
				CLANG_WARN_BLOCK_CAPTURE_AUTORELEASING = YES;
				CLANG_WARN_BOOL_CONVERSION = YES;
				CLANG_WARN_COMMA = YES;
				CLANG_WARN_CONSTANT_CONVERSION = YES;
				CLANG_WARN_DEPRECATED_OBJC_IMPLEMENTATIONS = YES;
				CLANG_WARN_DIRECT_OBJC_ISA_USAGE = YES_ERROR;
				CLANG_WARN_DOCUMENTATION_COMMENTS = YES;
				CLANG_WARN_EMPTY_BODY = YES;
				CLANG_WARN_ENUM_CONVERSION = YES;
				CLANG_WARN_INFINITE_RECURSION = YES;
				CLANG_WARN_INT_CONVERSION = YES;
				CLANG_WARN_NON_LITERAL_NULL_CONVERSION = YES;
				CLANG_WARN_OBJC_IMPLICIT_RETAIN_SELF = YES;
				CLANG_WARN_OBJC_LITERAL_CONVERSION = YES;
				CLANG_WARN_OBJC_ROOT_CLASS = YES_ERROR;
				CLANG_WARN_RANGE_LOOP_ANALYSIS = YES;
				CLANG_WARN_STRICT_PROTOTYPES = YES;
				CLANG_WARN_SUSPICIOUS_MOVE = YES;
				CLANG_WARN_UNGUARDED_AVAILABILITY = YES_AGGRESSIVE;
				CLANG_WARN_UNREACHABLE_CODE = YES;
				CLANG_WARN__DUPLICATE_METHOD_MATCH = YES;
				CODE_SIGN_IDENTITY = "iPhone Developer";
				COPY_PHASE_STRIP = NO;
				DEBUG_INFORMATION_FORMAT = "dwarf-with-dsym";
				ENABLE_NS_ASSERTIONS = NO;
				ENABLE_STRICT_OBJC_MSGSEND = YES;
				GCC_C_LANGUAGE_STANDARD = gnu11;
				GCC_NO_COMMON_BLOCKS = YES;
				GCC_WARN_64_TO_32_BIT_CONVERSION = YES;
				GCC_WARN_ABOUT_RETURN_TYPE = YES_ERROR;
				GCC_WARN_UNDECLARED_SELECTOR = YES;
				GCC_WARN_UNINITIALIZED_AUTOS = YES_AGGRESSIVE;
				GCC_WARN_UNUSED_FUNCTION = YES;
				GCC_WARN_UNUSED_VARIABLE = YES;
				IPHONEOS_DEPLOYMENT_TARGET = 12.2;
				MTL_ENABLE_DEBUG_INFO = NO;
				MTL_FAST_MATH = YES;
				SDKROOT = iphoneos;
				SWIFT_COMPILATION_MODE = wholemodule;
				SWIFT_OPTIMIZATION_LEVEL = "-O";
				VALIDATE_PRODUCT = YES;
			};
			name = Release;
		};
		9662AD7422B91FF100800AC1 /* Debug */ = {
			isa = XCBuildConfiguration;
			buildSettings = {
				ASSETCATALOG_COMPILER_APPICON_NAME = AppIcon;
				CODE_SIGN_STYLE = Automatic;
				DEVELOPMENT_TEAM = B6YA4MP5LT;
				INFOPLIST_FILE = WeTrot/Info.plist;
				LD_RUNPATH_SEARCH_PATHS = (
					"$(inherited)",
					"@executable_path/Frameworks",
				);
				PRODUCT_BUNDLE_IDENTIFIER = com.wesquad.WeTrot;
				PRODUCT_NAME = "$(TARGET_NAME)";
				SWIFT_VERSION = 5.0;
				TARGETED_DEVICE_FAMILY = "1,2";
			};
			name = Debug;
		};
		9662AD7522B91FF100800AC1 /* Release */ = {
			isa = XCBuildConfiguration;
			buildSettings = {
				ASSETCATALOG_COMPILER_APPICON_NAME = AppIcon;
				CODE_SIGN_STYLE = Automatic;
				DEVELOPMENT_TEAM = B6YA4MP5LT;
				INFOPLIST_FILE = WeTrot/Info.plist;
				LD_RUNPATH_SEARCH_PATHS = (
					"$(inherited)",
					"@executable_path/Frameworks",
				);
				PRODUCT_BUNDLE_IDENTIFIER = com.wesquad.WeTrot;
				PRODUCT_NAME = "$(TARGET_NAME)";
				SWIFT_VERSION = 5.0;
				TARGETED_DEVICE_FAMILY = "1,2";
			};
			name = Release;
		};
		9662AD7722B91FF100800AC1 /* Debug */ = {
			isa = XCBuildConfiguration;
			buildSettings = {
				ALWAYS_EMBED_SWIFT_STANDARD_LIBRARIES = YES;
				BUNDLE_LOADER = "$(TEST_HOST)";
				CODE_SIGN_STYLE = Automatic;
				DEVELOPMENT_TEAM = B6YA4MP5LT;
				INFOPLIST_FILE = WeTrotTests/Info.plist;
				LD_RUNPATH_SEARCH_PATHS = (
					"$(inherited)",
					"@executable_path/Frameworks",
					"@loader_path/Frameworks",
				);
				PRODUCT_BUNDLE_IDENTIFIER = com.wesquad.WeTrotTests;
				PRODUCT_NAME = "$(TARGET_NAME)";
				SWIFT_VERSION = 5.0;
				TARGETED_DEVICE_FAMILY = "1,2";
				TEST_HOST = "$(BUILT_PRODUCTS_DIR)/WeTrot.app/WeTrot";
			};
			name = Debug;
		};
		9662AD7822B91FF100800AC1 /* Release */ = {
			isa = XCBuildConfiguration;
			buildSettings = {
				ALWAYS_EMBED_SWIFT_STANDARD_LIBRARIES = YES;
				BUNDLE_LOADER = "$(TEST_HOST)";
				CODE_SIGN_STYLE = Automatic;
				DEVELOPMENT_TEAM = B6YA4MP5LT;
				INFOPLIST_FILE = WeTrotTests/Info.plist;
				LD_RUNPATH_SEARCH_PATHS = (
					"$(inherited)",
					"@executable_path/Frameworks",
					"@loader_path/Frameworks",
				);
				PRODUCT_BUNDLE_IDENTIFIER = com.wesquad.WeTrotTests;
				PRODUCT_NAME = "$(TARGET_NAME)";
				SWIFT_VERSION = 5.0;
				TARGETED_DEVICE_FAMILY = "1,2";
				TEST_HOST = "$(BUILT_PRODUCTS_DIR)/WeTrot.app/WeTrot";
			};
			name = Release;
		};
		9662AD7A22B91FF100800AC1 /* Debug */ = {
			isa = XCBuildConfiguration;
			buildSettings = {
				ALWAYS_EMBED_SWIFT_STANDARD_LIBRARIES = YES;
				CODE_SIGN_STYLE = Automatic;
				DEVELOPMENT_TEAM = B6YA4MP5LT;
				INFOPLIST_FILE = WeTrotUITests/Info.plist;
				LD_RUNPATH_SEARCH_PATHS = (
					"$(inherited)",
					"@executable_path/Frameworks",
					"@loader_path/Frameworks",
				);
				PRODUCT_BUNDLE_IDENTIFIER = com.wesquad.WeTrotUITests;
				PRODUCT_NAME = "$(TARGET_NAME)";
				SWIFT_VERSION = 5.0;
				TARGETED_DEVICE_FAMILY = "1,2";
				TEST_TARGET_NAME = WeTrot;
			};
			name = Debug;
		};
		9662AD7B22B91FF100800AC1 /* Release */ = {
			isa = XCBuildConfiguration;
			buildSettings = {
				ALWAYS_EMBED_SWIFT_STANDARD_LIBRARIES = YES;
				CODE_SIGN_STYLE = Automatic;
				DEVELOPMENT_TEAM = B6YA4MP5LT;
				INFOPLIST_FILE = WeTrotUITests/Info.plist;
				LD_RUNPATH_SEARCH_PATHS = (
					"$(inherited)",
					"@executable_path/Frameworks",
					"@loader_path/Frameworks",
				);
				PRODUCT_BUNDLE_IDENTIFIER = com.wesquad.WeTrotUITests;
				PRODUCT_NAME = "$(TARGET_NAME)";
				SWIFT_VERSION = 5.0;
				TARGETED_DEVICE_FAMILY = "1,2";
				TEST_TARGET_NAME = WeTrot;
			};
			name = Release;
		};
/* End XCBuildConfiguration section */

/* Begin XCConfigurationList section */
		9662AD4622B91FEF00800AC1 /* Build configuration list for PBXProject "WeTrot" */ = {
			isa = XCConfigurationList;
			buildConfigurations = (
				9662AD7122B91FF100800AC1 /* Debug */,
				9662AD7222B91FF100800AC1 /* Release */,
			);
			defaultConfigurationIsVisible = 0;
			defaultConfigurationName = Release;
		};
		9662AD7322B91FF100800AC1 /* Build configuration list for PBXNativeTarget "WeTrot" */ = {
			isa = XCConfigurationList;
			buildConfigurations = (
				9662AD7422B91FF100800AC1 /* Debug */,
				9662AD7522B91FF100800AC1 /* Release */,
			);
			defaultConfigurationIsVisible = 0;
			defaultConfigurationName = Release;
		};
		9662AD7622B91FF100800AC1 /* Build configuration list for PBXNativeTarget "WeTrotTests" */ = {
			isa = XCConfigurationList;
			buildConfigurations = (
				9662AD7722B91FF100800AC1 /* Debug */,
				9662AD7822B91FF100800AC1 /* Release */,
			);
			defaultConfigurationIsVisible = 0;
			defaultConfigurationName = Release;
		};
		9662AD7922B91FF100800AC1 /* Build configuration list for PBXNativeTarget "WeTrotUITests" */ = {
			isa = XCConfigurationList;
			buildConfigurations = (
				9662AD7A22B91FF100800AC1 /* Debug */,
				9662AD7B22B91FF100800AC1 /* Release */,
			);
			defaultConfigurationIsVisible = 0;
			defaultConfigurationName = Release;
		};
/* End XCConfigurationList section */
	};
	rootObject = 9662AD4322B91FEF00800AC1 /* Project object */;
}
